
Microsoft Visual Studio Solution File, Format Version 12.00
# Visual Studio 14
VisualStudioVersion = 14.0.23107.0
MinimumVisualStudioVersion = 10.0.40219.1
Project("{2150E333-8FDC-42A3-9474-1A3956D46DE8}") = "Solution Documents", "Solution Documents", "{CE2488A3-743C-47A6-B6C4-DD12C9196B6A}"
	ProjectSection(SolutionItems) = preProject
		..\..\Users\Catherine\Desktop\01-Restore OLTP Source Database.sql = ..\..\Users\Catherine\Desktop\01-Restore OLTP Source Database.sql
		02-RestoreOLAPDataWarehouse.sql = 02-RestoreOLAPDataWarehouse.sql
		03-CreateDWTableAndColumnStructure.sql = 03-CreateDWTableAndColumnStructure.sql
		\\vmware-host\Shared Folders\Downloads\AdventureWorksSolutionDocuments.docx = \\vmware-host\Shared Folders\Downloads\AdventureWorksSolutionDocuments.docx
		AW_Project01_OLTP_DB.bak = AW_Project01_OLTP_DB.bak
		..\..\Users\Catherine\Desktop\DWAdventureWorks-BackupSQL.sql = ..\..\Users\Catherine\Desktop\DWAdventureWorks-BackupSQL.sql
		DWAdventureWorks-CWarren.bak = DWAdventureWorks-CWarren.bak
		DWAdventureWorks-SpecWorksheet-CWarren.xlsx = DWAdventureWorks-SpecWorksheet-CWarren.xlsx
	EndProjectSection
EndProject
Project("{159641D6-6404-4A2A-AE62-294DE0FE8301}") = "DW-AdventureWorks-ETL", "DW-AdventureWorks-ETL\DW-AdventureWorks-ETL.dtproj", "{749A1A61-4ADA-476D-BBFE-D0F01E3AA706}"
EndProject
Global
	GlobalSection(SolutionConfigurationPlatforms) = preSolution
		Development|Default = Development|Default
	EndGlobalSection
	GlobalSection(ProjectConfigurationPlatforms) = postSolution
		{749A1A61-4ADA-476D-BBFE-D0F01E3AA706}.Development|Default.ActiveCfg = Development
		{749A1A61-4ADA-476D-BBFE-D0F01E3AA706}.Development|Default.Build.0 = Development
	EndGlobalSection
	GlobalSection(SolutionProperties) = preSolution
		HideSolutionNode = FALSE
	EndGlobalSection
	GlobalSection(NestedProjects) = preSolution
		{749A1A61-4ADA-476D-BBFE-D0F01E3AA706} = {CE2488A3-743C-47A6-B6C4-DD12C9196B6A}
	EndGlobalSection
EndGlobal
